dependencies:
  idf:
    source:
      type: idf
    version: 5.5.2
  nikas-belogolov/nanopb:
    component_hash: 
      f87bec16ffb47d5ceb557b7f13acb83cad95046ab155d1af33e488d1b048fddc
    dependencies:
    - name: idf
      require: private
      version: '>=5.0'
    source:
      registry_url: https://components.espressif.com/
      type: service
    version: 1.0.0
direct_dependencies:
- idf
- nikas-belogolov/nanopb
manifest_hash: f294d2211d57f5a8073932bed6607a55da3d4d1263f59239a88b685757acbf5a
target: esp32h2
version: 2.0.0
